
Microsoft Visual Studio Solution File, Format Version 12.00
# Visual Studio Version 17
VisualStudioVersion = 17.3.32825.248
MinimumVisualStudioVersion = 10.0.40219.1
Project("{9A19103F-16F7-4668-BE54-9A1E7A4F7556}") = "RedisDemo", "RedisDemo\RedisDemo.csproj", "{F932C94D-F80B-4DDD-BDE2-D368909E88FE}"
EndProject
Global
	GlobalSection(SolutionConfigurationPlatforms) = preSolution
		Debug|Any CPU = Debug|Any CPU
		Release|Any CPU = Release|Any CPU
	EndGlobalSection
	GlobalSection(ProjectConfigurationPlatforms) = postSolution
		{F932C94D-F80B-4DDD-BDE2-D368909E88FE}.Debug|Any CPU.ActiveCfg = Debug|Any CPU
		{F932C94D-F80B-4DDD-BDE2-D368909E88FE}.Debug|Any CPU.Build.0 = Debug|Any CPU
		{F932C94D-F80B-4DDD-BDE2-D368909E88FE}.Release|Any CPU.ActiveCfg = Release|Any CPU
		{F932C94D-F80B-4DDD-BDE2-D368909E88FE}.Release|Any CPU.Build.0 = Release|Any CPU
	EndGlobalSection
	GlobalSection(SolutionProperties) = preSolution
		HideSolutionNode = FALSE
	EndGlobalSection
	GlobalSection(ExtensibilityGlobals) = postSolution
		SolutionGuid = {0020D8EC-3F14-4EF6-8E1D-225FE8F4B3D1}
	EndGlobalSection
EndGlobal
